
Microsoft Visual Studio Solution File, Format Version 12.00
# Visual Studio Version 17
VisualStudioVersion = 17.5.33627.172
MinimumVisualStudioVersion = 10.0.40219.1
Project("{FAE04EC0-301F-11D3-BF4B-00C04F79EFBC}") = "Sample", "Sample.csproj", "{37CB4858-ADDF-488F-A4B7-DCDB159BE8B3}"
EndProject
Global
	GlobalSection(SolutionConfigurationPlatforms) = preSolution
		Debug|Any CPU = Debug|Any CPU
		Release|Any CPU = Release|Any CPU
	EndGlobalSection
	GlobalSection(ProjectConfigurationPlatforms) = postSolution
		{37CB4858-ADDF-488F-A4B7-DCDB159BE8B3}.Debug|Any CPU.ActiveCfg = Debug|Any CPU
		{37CB4858-ADDF-488F-A4B7-DCDB159BE8B3}.Debug|Any CPU.Build.0 = Debug|Any CPU
		{37CB4858-ADDF-488F-A4B7-DCDB159BE8B3}.Release|Any CPU.ActiveCfg = Release|Any CPU
		{37CB4858-ADDF-488F-A4B7-DCDB159BE8B3}.Release|Any CPU.Build.0 = Release|Any CPU
	EndGlobalSection
	GlobalSection(SolutionProperties) = preSolution
		HideSolutionNode = FALSE
	EndGlobalSection
	GlobalSection(ExtensibilityGlobals) = postSolution
		SolutionGuid = {BD3BA484-BF8D-4412-BFCF-E4D9359FF4AC}
	EndGlobalSection
EndGlobal
